
Microsoft Visual Studio Solution File, Format Version 12.00
# Visual Studio Version 17
VisualStudioVersion = 17.7.34018.315
MinimumVisualStudioVersion = 10.0.40219.1
Project("{FAE04EC0-301F-11D3-BF4B-00C04F79EFBC}") = "staticClassesPractice", "staticClassesPractice\staticClassesPractice.csproj", "{CE773B7A-69AB-4B75-821D-07037B50963A}"
EndProject
Project("{FAE04EC0-301F-11D3-BF4B-00C04F79EFBC}") = "staticClassesPractice_task2", "Task2\staticClassesPractice_task2.csproj", "{0F1FA5C7-D9B5-4528-A2FB-D88AF4769447}"
EndProject
Project("{FAE04EC0-301F-11D3-BF4B-00C04F79EFBC}") = "staticClassesPractice_task3", "staticClassesPractice_task3\staticClassesPractice_task3.csproj", "{C76146E5-C8A4-441D-97C6-0630C27E779F}"
EndProject
Global
	GlobalSection(SolutionConfigurationPlatforms) = preSolution
		Debug|Any CPU = Debug|Any CPU
		Release|Any CPU = Release|Any CPU
	EndGlobalSection
	GlobalSection(ProjectConfigurationPlatforms) = postSolution
		{CE773B7A-69AB-4B75-821D-07037B50963A}.Debug|Any CPU.ActiveCfg = Debug|Any CPU
		{CE773B7A-69AB-4B75-821D-07037B50963A}.Debug|Any CPU.Build.0 = Debug|Any CPU
		{CE773B7A-69AB-4B75-821D-07037B50963A}.Release|Any CPU.ActiveCfg = Release|Any CPU
		{CE773B7A-69AB-4B75-821D-07037B50963A}.Release|Any CPU.Build.0 = Release|Any CPU
		{0F1FA5C7-D9B5-4528-A2FB-D88AF4769447}.Debug|Any CPU.ActiveCfg = Debug|Any CPU
		{0F1FA5C7-D9B5-4528-A2FB-D88AF4769447}.Debug|Any CPU.Build.0 = Debug|Any CPU
		{0F1FA5C7-D9B5-4528-A2FB-D88AF4769447}.Release|Any CPU.ActiveCfg = Release|Any CPU
		{0F1FA5C7-D9B5-4528-A2FB-D88AF4769447}.Release|Any CPU.Build.0 = Release|Any CPU
		{C76146E5-C8A4-441D-97C6-0630C27E779F}.Debug|Any CPU.ActiveCfg = Debug|Any CPU
		{C76146E5-C8A4-441D-97C6-0630C27E779F}.Debug|Any CPU.Build.0 = Debug|Any CPU
		{C76146E5-C8A4-441D-97C6-0630C27E779F}.Release|Any CPU.ActiveCfg = Release|Any CPU
		{C76146E5-C8A4-441D-97C6-0630C27E779F}.Release|Any CPU.Build.0 = Release|Any CPU
	EndGlobalSection
	GlobalSection(SolutionProperties) = preSolution
		HideSolutionNode = FALSE
	EndGlobalSection
	GlobalSection(ExtensibilityGlobals) = postSolution
		SolutionGuid = {64AE9F80-67E3-44CD-A493-BA61D4F11D52}
	EndGlobalSection
EndGlobal
